<?xml version="1.0" encoding="utf-8"?>
<Project ToolsVersion="4.0" xmlns="http://schemas.microsoft.com/developer/msbuild/2003">
  <ItemGroup>
    <Filter Include="Header Files">
      <UniqueIdentifier>{93995380-89BD-4b04-88EB-625FBE52EBFB}</UniqueIdentifier>
      <Extensions>h;hpp;hxx;hm;inl;inc;xsd</Extensions>
    </Filter>
  </ItemGroup>
  <ItemGroup>
    <ClInclude Include="charthandler.h">
      <Filter>Header Files</Filter>
    </ClInclude>
    <ClInclude Include="collections.h">
      <Filter>Header Files</Filter>
    </ClInclude>
    <ClInclude Include="datasource.h">
      <Filter>Header Files</Filter>
    </ClInclude>
    <ClInclude Include="datetime.h">
      <Filter>Header Files</Filter>
    </ClInclude>
    <ClInclude Include="exceptions.h">
      <Filter>Header Files</Filter>
    </ClInclude>
    <ClInclude Include="explicittrades.h">
      <Filter>Header Files</Filter>
    </ClInclude>
    <ClInclude Include="filesymbols.h">
      <Filter>Header Files</Filter>
    </ClInclude>
    <ClInclude Include="hinstance.h">
      <Filter>Header Files</Filter>
    </ClInclude>
    <ClInclude Include="log.h">
      <Filter>Header Files</Filter>
    </ClInclude>
    <ClInclude Include="macros.h">
      <Filter>Header Files</Filter>
    </ClInclude>
    <ClInclude Include="misc.h">
      <Filter>Header Files</Filter>
    </ClInclude>
    <ClInclude Include="miscfile.h">
      <Filter>Header Files</Filter>
    </ClInclude>
    <ClInclude Include="miscwin.h">
      <Filter>Header Files</Filter>
    </ClInclude>
    <ClInclude Include="moremiscwin.h">
      <Filter>Header Files</Filter>
    </ClInclude>
    <ClInclude Include="objcounter.h">
      <Filter>Header Files</Filter>
    </ClInclude>
    <ClInclude Include="optimizer.h">
      <Filter>Header Files</Filter>
    </ClInclude>
    <ClInclude Include="plugin.h">
      <Filter>Header Files</Filter>
    </ClInclude>
    <ClInclude Include="pluginconfig.h">
      <Filter>Header Files</Filter>
    </ClInclude>
    <ClInclude Include="pluginhelper1.h">
      <Filter>Header Files</Filter>
    </ClInclude>
    <ClInclude Include="series.h">
      <Filter>Header Files</Filter>
    </ClInclude>
    <ClInclude Include="sharedptr.h">
      <Filter>Header Files</Filter>
    </ClInclude>
    <ClInclude Include="simlibplugin.h">
      <Filter>Header Files</Filter>
    </ClInclude>
    <ClInclude Include="stats.h">
      <Filter>Header Files</Filter>
    </ClInclude>
    <ClInclude Include="statsdefines.h">
      <Filter>Header Files</Filter>
    </ClInclude>
    <ClInclude Include="stringformat.h">
      <Filter>Header Files</Filter>
    </ClInclude>
    <ClInclude Include="strings.h">
      <Filter>Header Files</Filter>
    </ClInclude>
    <ClInclude Include="synchronizer.h">
      <Filter>Header Files</Filter>
    </ClInclude>
    <ClInclude Include="system.h">
      <Filter>Header Files</Filter>
    </ClInclude>
    <ClInclude Include="thread.h">
      <Filter>Header Files</Filter>
    </ClInclude>
    <ClInclude Include="tokenizer.h">
      <Filter>Header Files</Filter>
    </ClInclude>
    <ClInclude Include="traderyapi.h">
      <Filter>Header Files</Filter>
    </ClInclude>
    <ClInclude Include="traderyconnection.h">
      <Filter>Header Files</Filter>
    </ClInclude>
    <ClInclude Include="versionno.h">
      <Filter>Header Files</Filter>
    </ClInclude>
    <ClInclude Include="resourcewrapper.h">
      <Filter>Header Files</Filter>
    </ClInclude>
    <ClInclude Include="defaults.h">
      <Filter>Header Files</Filter>
    </ClInclude>
    <ClInclude Include="dataunit.h">
      <Filter>Header Files</Filter>
    </ClInclude>
    <ClInclude Include="datacollection.h">
      <Filter>Header Files</Filter>
    </ClInclude>
    <ClInclude Include="datetimerange.h">
      <Filter>Header Files</Filter>
    </ClInclude>
    <ClInclude Include="datacollection.h">
      <Filter>Header Files</Filter>
    </ClInclude>
    <ClInclude Include="enum.h">
      <Filter>Header Files</Filter>
    </ClInclude>
    <ClInclude Include="common.h">
      <Filter>Header Files</Filter>
    </ClInclude>
    <ClInclude Include="tree.h">
      <Filter>Header Files</Filter>
    </ClInclude>
    <ClInclude Include="core.h">
      <Filter>Header Files</Filter>
    </ClInclude>
    <ClInclude Include="colors.h">
      <Filter>Header Files</Filter>
    </ClInclude>
    <ClInclude Include="traderytypes.h">
      <Filter>Header Files</Filter>
    </ClInclude>
    <ClInclude Include="switch.h">
      <Filter>Header Files</Filter>
    </ClInclude>
    <ClInclude Include="positionsizingparams.h">
      <Filter>Header Files</Filter>
    </ClInclude>
    <ClInclude Include="logfilemaintainer.h">
      <Filter>Header Files</Filter>
    </ClInclude>
    <ClInclude Include="logger.h">
      <Filter>Header Files</Filter>
    </ClInclude>
    <ClInclude Include="loggers.h">
      <Filter>Header Files</Filter>
    </ClInclude>
    <ClInclude Include="propertyfiledir.h">
      <Filter>Header Files</Filter>
    </ClInclude>
    <ClInclude Include="runtimeparams.h">
      <Filter>Header Files</Filter>
    </ClInclude>
    <ClInclude Include="stringconv.h">
      <Filter>Header Files</Filter>
    </ClInclude>
    <ClInclude Include="symbolsiterator.h">
      <Filter>Header Files</Filter>
    </ClInclude>
    <ClInclude Include="path.h">
      <Filter>Header Files</Filter>
    </ClInclude>
  </ItemGroup>
</Project>